// !$*UTF8*$!
{
	archiveVersion = 1;
	classes = {
	};
	objectVersion = 46;
	objects = {

/* Begin PBXBuildFile section */
		3EA979E819EBE74500628D94 /* main.m in Sources */ = {isa = PBXBuildFile; fileRef = 3EA979E719EBE74500628D94 /* main.m */; };
		3EA979EB19EBE74500628D94 /* AppDelegate.m in Sources */ = {isa = PBXBuildFile; fileRef = 3EA979EA19EBE74500628D94 /* AppDelegate.m */; };
		3EA979EE19EBE74500628D94 /* ViewController.m in Sources */ = {isa = PBXBuildFile; fileRef = 3EA979ED19EBE74500628D94 /* ViewController.m */; };
		3EA979F119EBE74500628D94 /* Main.storyboard in Resources */ = {isa = PBXBuildFile; fileRef = 3EA979EF19EBE74500628D94 /* Main.storyboard */; };
		3EA979F319EBE74500628D94 /* Images.xcassets in Resources */ = {isa = PBXBuildFile; fileRef = 3EA979F219EBE74500628D94 /* Images.xcassets */; };
		3EA979F619EBE74500628D94 /* LaunchScreen.xib in Resources */ = {isa = PBXBuildFile; fileRef = 3EA979F419EBE74500628D94 /* LaunchScreen.xib */; };
		3EA97A0219EBE74600628D94 /* BeersTests.m in Sources */ = {isa = PBXBuildFile; fileRef = 3EA97A0119EBE74600628D94 /* BeersTests.m */; };
		3EA97A0D19EBE78300628D94 /* Beer.m in Sources */ = {isa = PBXBuildFile; fileRef = 3EA97A0C19EBE78300628D94 /* Beer.m */; };
		3EA97A1319EC047A00628D94 /* beerList.plist in Resources */ = {isa = PBXBuildFile; fileRef = 3EA97A1219EC047A00628D94 /* beerList.plist */; };
		3EA97A1619EC07A200628D94 /* Beers.m in Sources */ = {isa = PBXBuildFile; fileRef = 3EA97A1519EC07A200628D94 /* Beers.m */; };
		3EA97A1819EC0FC200628D94 /* BeersViewController.xib in Resources */ = {isa = PBXBuildFile; fileRef = 3EA97A1719EC0FC200628D94 /* BeersViewController.xib */; };
		3EA97A2119EC165100628D94 /* UIImage+UrlImage.m in Sources */ = {isa = PBXBuildFile; fileRef = 3EA97A2019EC165100628D94 /* UIImage+UrlImage.m */; };
		3EA97A5A19ED13D400628D94 /* DetailViewController.m in Sources */ = {isa = PBXBuildFile; fileRef = 3EA97A5819ED13D400628D94 /* DetailViewController.m */; };
		3EA97A5B19ED13D400628D94 /* DetailViewController.xib in Resources */ = {isa = PBXBuildFile; fileRef = 3EA97A5919ED13D400628D94 /* DetailViewController.xib */; };
/* End PBXBuildFile section */

/* Begin PBXContainerItemProxy section */
		3EA979FC19EBE74600628D94 /* PBXContainerItemProxy */ = {
			isa = PBXContainerItemProxy;
			containerPortal = 3EA979DA19EBE74500628D94 /* Project object */;
			proxyType = 1;
			remoteGlobalIDString = 3EA979E119EBE74500628D94;
			remoteInfo = Beers;
		};
/* End PBXContainerItemProxy section */

/* Begin PBXFileReference section */
		3EA979E219EBE74500628D94 /* Beers.app */ = {isa = PBXFileReference; explicitFileType = wrapper.application; includeInIndex = 0; path = Beers.app; sourceTree = BUILT_PRODUCTS_DIR; };
		3EA979E619EBE74500628D94 /* Info.plist */ = {isa = PBXFileReference; lastKnownFileType = text.plist.xml; path = Info.plist; sourceTree = "<group>"; };
		3EA979E719EBE74500628D94 /* main.m */ = {isa = PBXFileReference; lastKnownFileType = sourcecode.c.objc; path = main.m; sourceTree = "<group>"; };
		3EA979E919EBE74500628D94 /* AppDelegate.h */ = {isa = PBXFileReference; lastKnownFileType = sourcecode.c.h; path = AppDelegate.h; sourceTree = "<group>"; };
		3EA979EA19EBE74500628D94 /* AppDelegate.m */ = {isa = PBXFileReference; lastKnownFileType = sourcecode.c.objc; path = AppDelegate.m; sourceTree = "<group>"; };
		3EA979EC19EBE74500628D94 /* ViewController.h */ = {isa = PBXFileReference; lastKnownFileType = sourcecode.c.h; path = ViewController.h; sourceTree = "<group>"; };
		3EA979ED19EBE74500628D94 /* ViewController.m */ = {isa = PBXFileReference; lastKnownFileType = sourcecode.c.objc; path = ViewController.m; sourceTree = "<group>"; };
		3EA979F019EBE74500628D94 /* Base */ = {isa = PBXFileReference; lastKnownFileType = file.storyboard; name = Base; path = Base.lproj/Main.storyboard; sourceTree = "<group>"; };
		3EA979F219EBE74500628D94 /* Images.xcassets */ = {isa = PBXFileReference; lastKnownFileType = folder.assetcatalog; path = Images.xcassets; sourceTree = "<group>"; };
		3EA979F519EBE74500628D94 /* Base */ = {isa = PBXFileReference; lastKnownFileType = file.xib; name = Base; path = Base.lproj/LaunchScreen.xib; sourceTree = "<group>"; };
		3EA979FB19EBE74600628D94 /* BeersTests.xctest */ = {isa = PBXFileReference; explicitFileType = wrapper.cfbundle; includeInIndex = 0; path = BeersTests.xctest; sourceTree = BUILT_PRODUCTS_DIR; };
		3EA97A0019EBE74600628D94 /* Info.plist */ = {isa = PBXFileReference; lastKnownFileType = text.plist.xml; path = Info.plist; sourceTree = "<group>"; };
		3EA97A0119EBE74600628D94 /* BeersTests.m */ = {isa = PBXFileReference; lastKnownFileType = sourcecode.c.objc; path = BeersTests.m; sourceTree = "<group>"; };
		3EA97A0B19EBE78300628D94 /* Beer.h */ = {isa = PBXFileReference; fileEncoding = 4; lastKnownFileType = sourcecode.c.h; path = Beer.h; sourceTree = "<group>"; };
		3EA97A0C19EBE78300628D94 /* Beer.m */ = {isa = PBXFileReference; fileEncoding = 4; lastKnownFileType = sourcecode.c.objc; path = Beer.m; sourceTree = "<group>"; };
		3EA97A1219EC047A00628D94 /* beerList.plist */ = {isa = PBXFileReference; fileEncoding = 4; lastKnownFileType = text.plist.xml; path = beerList.plist; sourceTree = "<group>"; };
		3EA97A1419EC07A200628D94 /* Beers.h */ = {isa = PBXFileReference; fileEncoding = 4; lastKnownFileType = sourcecode.c.h; path = Beers.h; sourceTree = "<group>"; };
		3EA97A1519EC07A200628D94 /* Beers.m */ = {isa = PBXFileReference; fileEncoding = 4; lastKnownFileType = sourcecode.c.objc; path = Beers.m; sourceTree = "<group>"; };
		3EA97A1719EC0FC200628D94 /* BeersViewController.xib */ = {isa = PBXFileReference; fileEncoding = 4; lastKnownFileType = file.xib; path = BeersViewController.xib; sourceTree = "<group>"; };
		3EA97A1F19EC165100628D94 /* UIImage+UrlImage.h */ = {isa = PBXFileReference; fileEncoding = 4; lastKnownFileType = sourcecode.c.h; path = "UIImage+UrlImage.h"; sourceTree = "<group>"; };
		3EA97A2019EC165100628D94 /* UIImage+UrlImage.m */ = {isa = PBXFileReference; fileEncoding = 4; lastKnownFileType = sourcecode.c.objc; path = "UIImage+UrlImage.m"; sourceTree = "<group>"; };
		3EA97A5719ED13D400628D94 /* DetailViewController.h */ = {isa = PBXFileReference; fileEncoding = 4; lastKnownFileType = sourcecode.c.h; path = DetailViewController.h; sourceTree = "<group>"; };
		3EA97A5819ED13D400628D94 /* DetailViewController.m */ = {isa = PBXFileReference; fileEncoding = 4; lastKnownFileType = sourcecode.c.objc; path = DetailViewController.m; sourceTree = "<group>"; };
		3EA97A5919ED13D400628D94 /* DetailViewController.xib */ = {isa = PBXFileReference; fileEncoding = 4; lastKnownFileType = file.xib; name = DetailViewController.xib; path = ../Controller/DetailViewController.xib; sourceTree = "<group>"; };
/* End PBXFileReference section */

/* Begin PBXFrameworksBuildPhase section */
		3EA979DF19EBE74500628D94 /* Frameworks */ = {
			isa = PBXFrameworksBuildPhase;
			buildActionMask = 2147483647;
			files = (
			);
			runOnlyForDeploymentPostprocessing = 0;
		};
		3EA979F819EBE74600628D94 /* Frameworks */ = {
			isa = PBXFrameworksBuildPhase;
			buildActionMask = 2147483647;
			files = (
			);
			runOnlyForDeploymentPostprocessing = 0;
		};
/* End PBXFrameworksBuildPhase section */

/* Begin PBXGroup section */
		3EA979D919EBE74500628D94 = {
			isa = PBXGroup;
			children = (
				3EA979E419EBE74500628D94 /* Beers */,
				3EA979FE19EBE74600628D94 /* BeersTests */,
				3EA979E319EBE74500628D94 /* Products */,
			);
			sourceTree = "<group>";
		};
		3EA979E319EBE74500628D94 /* Products */ = {
			isa = PBXGroup;
			children = (
				3EA979E219EBE74500628D94 /* Beers.app */,
				3EA979FB19EBE74600628D94 /* BeersTests.xctest */,
			);
			name = Products;
			sourceTree = "<group>";
		};
		3EA979E419EBE74500628D94 /* Beers */ = {
			isa = PBXGroup;
			children = (
				3EA979E919EBE74500628D94 /* AppDelegate.h */,
				3EA979EA19EBE74500628D94 /* AppDelegate.m */,
				3EA97A0E19EBE78C00628D94 /* Model */,
				3EA97A1019EBE7AE00628D94 /* Controller */,
				3EA97A0F19EBE7A300628D94 /* View */,
				3EA97A1119EC045500628D94 /* Util */,
				3EA979E519EBE74500628D94 /* Supporting Files */,
			);
			path = Beers;
			sourceTree = "<group>";
		};
		3EA979E519EBE74500628D94 /* Supporting Files */ = {
			isa = PBXGroup;
			children = (
				3EA979E619EBE74500628D94 /* Info.plist */,
				3EA979E719EBE74500628D94 /* main.m */,
			);
			path = "Supporting Files";
			sourceTree = "<group>";
		};
		3EA979FE19EBE74600628D94 /* BeersTests */ = {
			isa = PBXGroup;
			children = (
				3EA97A0119EBE74600628D94 /* BeersTests.m */,
				3EA979FF19EBE74600628D94 /* Supporting Files */,
			);
			path = BeersTests;
			sourceTree = "<group>";
		};
		3EA979FF19EBE74600628D94 /* Supporting Files */ = {
			isa = PBXGroup;
			children = (
				3EA97A0019EBE74600628D94 /* Info.plist */,
			);
			path = "Supporting Files";
			sourceTree = "<group>";
		};
		3EA97A0E19EBE78C00628D94 /* Model */ = {
			isa = PBXGroup;
			children = (
				3EA97A0B19EBE78300628D94 /* Beer.h */,
				3EA97A0C19EBE78300628D94 /* Beer.m */,
				3EA97A1419EC07A200628D94 /* Beers.h */,
				3EA97A1519EC07A200628D94 /* Beers.m */,
				3EA97A1F19EC165100628D94 /* UIImage+UrlImage.h */,
				3EA97A2019EC165100628D94 /* UIImage+UrlImage.m */,
			);
			path = Model;
			sourceTree = "<group>";
		};
		3EA97A0F19EBE7A300628D94 /* View */ = {
			isa = PBXGroup;
			children = (
				3EA97A5919ED13D400628D94 /* DetailViewController.xib */,
				3EA979F219EBE74500628D94 /* Images.xcassets */,
				3EA979EF19EBE74500628D94 /* Main.storyboard */,
				3EA979F419EBE74500628D94 /* LaunchScreen.xib */,
				3EA97A1719EC0FC200628D94 /* BeersViewController.xib */,
			);
			path = View;
			sourceTree = "<group>";
		};
		3EA97A1019EBE7AE00628D94 /* Controller */ = {
			isa = PBXGroup;
			children = (
				3EA979EC19EBE74500628D94 /* ViewController.h */,
				3EA979ED19EBE74500628D94 /* ViewController.m */,
				3EA97A5719ED13D400628D94 /* DetailViewController.h */,
				3EA97A5819ED13D400628D94 /* DetailViewController.m */,
			);
			path = Controller;
			sourceTree = "<group>";
		};
		3EA97A1119EC045500628D94 /* Util */ = {
			isa = PBXGroup;
			children = (
				3EA97A1219EC047A00628D94 /* beerList.plist */,
			);
			path = Util;
			sourceTree = "<group>";
		};
/* End PBXGroup section */

/* Begin PBXNativeTarget section */
		3EA979E119EBE74500628D94 /* Beers */ = {
			isa = PBXNativeTarget;
			buildConfigurationList = 3EA97A0519EBE74600628D94 /* Build configuration list for PBXNativeTarget "Beers" */;
			buildPhases = (
				3EA979DE19EBE74500628D94 /* Sources */,
				3EA979DF19EBE74500628D94 /* Frameworks */,
				3EA979E019EBE74500628D94 /* Resources */,
			);
			buildRules = (
			);
			dependencies = (
			);
			name = Beers;
			productName = Beers;
			productReference = 3EA979E219EBE74500628D94 /* Beers.app */;
			productType = "com.apple.product-type.application";
		};
		3EA979FA19EBE74600628D94 /* BeersTests */ = {
			isa = PBXNativeTarget;
			buildConfigurationList = 3EA97A0819EBE74600628D94 /* Build configuration list for PBXNativeTarget "BeersTests" */;
			buildPhases = (
				3EA979F719EBE74600628D94 /* Sources */,
				3EA979F819EBE74600628D94 /* Frameworks */,
				3EA979F919EBE74600628D94 /* Resources */,
			);
			buildRules = (
			);
			dependencies = (
				3EA979FD19EBE74600628D94 /* PBXTargetDependency */,
			);
			name = BeersTests;
			productName = BeersTests;
			productReference = 3EA979FB19EBE74600628D94 /* BeersTests.xctest */;
			productType = "com.apple.product-type.bundle.unit-test";
		};
/* End PBXNativeTarget section */

/* Begin PBXProject section */
		3EA979DA19EBE74500628D94 /* Project object */ = {
			isa = PBXProject;
			attributes = {
				LastUpgradeCheck = 0600;
				ORGANIZATIONNAME = ironhack;
				TargetAttributes = {
					3EA979E119EBE74500628D94 = {
						CreatedOnToolsVersion = 6.0.1;
					};
					3EA979FA19EBE74600628D94 = {
						CreatedOnToolsVersion = 6.0.1;
						TestTargetID = 3EA979E119EBE74500628D94;
					};
				};
			};
			buildConfigurationList = 3EA979DD19EBE74500628D94 /* Build configuration list for PBXProject "Beers" */;
			compatibilityVersion = "Xcode 3.2";
			developmentRegion = English;
			hasScannedForEncodings = 0;
			knownRegions = (
				en,
				Base,
			);
			mainGroup = 3EA979D919EBE74500628D94;
			productRefGroup = 3EA979E319EBE74500628D94 /* Products */;
			projectDirPath = "";
			projectRoot = "";
			targets = (
				3EA979E119EBE74500628D94 /* Beers */,
				3EA979FA19EBE74600628D94 /* BeersTests */,
			);
		};
/* End PBXProject section */

/* Begin PBXResourcesBuildPhase section */
		3EA979E019EBE74500628D94 /* Resources */ = {
			isa = PBXResourcesBuildPhase;
			buildActionMask = 2147483647;
			files = (
				3EA97A1819EC0FC200628D94 /* BeersViewController.xib in Resources */,
				3EA97A5B19ED13D400628D94 /* DetailViewController.xib in Resources */,
				3EA979F119EBE74500628D94 /* Main.storyboard in Resources */,
				3EA979F619EBE74500628D94 /* LaunchScreen.xib in Resources */,
				3EA97A1319EC047A00628D94 /* beerList.plist in Resources */,
				3EA979F319EBE74500628D94 /* Images.xcassets in Resources */,
			);
			runOnlyForDeploymentPostprocessing = 0;
		};
		3EA979F919EBE74600628D94 /* Resources */ = {
			isa = PBXResourcesBuildPhase;
			buildActionMask = 2147483647;
			files = (
			);
			runOnlyForDeploymentPostprocessing = 0;
		};
/* End PBXResourcesBuildPhase section */

/* Begin PBXSourcesBuildPhase section */
		3EA979DE19EBE74500628D94 /* Sources */ = {
			isa = PBXSourcesBuildPhase;
			buildActionMask = 2147483647;
			files = (
				3EA97A1619EC07A200628D94 /* Beers.m in Sources */,
				3EA97A2119EC165100628D94 /* UIImage+UrlImage.m in Sources */,
				3EA979EE19EBE74500628D94 /* ViewController.m in Sources */,
				3EA979EB19EBE74500628D94 /* AppDelegate.m in Sources */,
				3EA979E819EBE74500628D94 /* main.m in Sources */,
				3EA97A0D19EBE78300628D94 /* Beer.m in Sources */,
				3EA97A5A19ED13D400628D94 /* DetailViewController.m in Sources */,
			);
			runOnlyForDeploymentPostprocessing = 0;
		};
		3EA979F719EBE74600628D94 /* Sources */ = {
			isa = PBXSourcesBuildPhase;
			buildActionMask = 2147483647;
			files = (
				3EA97A0219EBE74600628D94 /* BeersTests.m in Sources */,
			);
			runOnlyForDeploymentPostprocessing = 0;
		};
/* End PBXSourcesBuildPhase section */

/* Begin PBXTargetDependency section */
		3EA979FD19EBE74600628D94 /* PBXTargetDependency */ = {
			isa = PBXTargetDependency;
			target = 3EA979E119EBE74500628D94 /* Beers */;
			targetProxy = 3EA979FC19EBE74600628D94 /* PBXContainerItemProxy */;
		};
/* End PBXTargetDependency section */

/* Begin PBXVariantGroup section */
		3EA979EF19EBE74500628D94 /* Main.storyboard */ = {
			isa = PBXVariantGroup;
			children = (
				3EA979F019EBE74500628D94 /* Base */,
			);
			name = Main.storyboard;
			sourceTree = "<group>";
		};
		3EA979F419EBE74500628D94 /* LaunchScreen.xib */ = {
			isa = PBXVariantGroup;
			children = (
				3EA979F519EBE74500628D94 /* Base */,
			);
			name = LaunchScreen.xib;
			sourceTree = "<group>";
		};
/* End PBXVariantGroup section */

/* Begin XCBuildConfiguration section */
		3EA97A0319EBE74600628D94 /* Debug */ = {
			isa = XCBuildConfiguration;
			buildSettings = {
				ALWAYS_SEARCH_USER_PATHS = NO;
				CLANG_CXX_LANGUAGE_STANDARD = "gnu++0x";
				CLANG_CXX_LIBRARY = "libc++";
				CLANG_ENABLE_MODULES = YES;
				CLANG_ENABLE_OBJC_ARC = YES;
				CLANG_WARN_BOOL_CONVERSION = YES;
				CLANG_WARN_CONSTANT_CONVERSION = YES;
				CLANG_WARN_DIRECT_OBJC_ISA_USAGE = YES_ERROR;
				CLANG_WARN_EMPTY_BODY = YES;
				CLANG_WARN_ENUM_CONVERSION = YES;
				CLANG_WARN_INT_CONVERSION = YES;
				CLANG_WARN_OBJC_ROOT_CLASS = YES_ERROR;
				CLANG_WARN_UNREACHABLE_CODE = YES;
				CLANG_WARN__DUPLICATE_METHOD_MATCH = YES;
				"CODE_SIGN_IDENTITY[sdk=iphoneos*]" = "iPhone Developer";
				COPY_PHASE_STRIP = NO;
				ENABLE_STRICT_OBJC_MSGSEND = YES;
				GCC_C_LANGUAGE_STANDARD = gnu99;
				GCC_DYNAMIC_NO_PIC = NO;
				GCC_OPTIMIZATION_LEVEL = 0;
				GCC_PREPROCESSOR_DEFINITIONS = (
					"DEBUG=1",
					"$(inherited)",
				);
				GCC_SYMBOLS_PRIVATE_EXTERN = NO;
				GCC_WARN_64_TO_32_BIT_CONVERSION = YES;
				GCC_WARN_ABOUT_RETURN_TYPE = YES_ERROR;
				GCC_WARN_UNDECLARED_SELECTOR = YES;
				GCC_WARN_UNINITIALIZED_AUTOS = YES_AGGRESSIVE;
				GCC_WARN_UNUSED_FUNCTION = YES;
				GCC_WARN_UNUSED_VARIABLE = YES;
				IPHONEOS_DEPLOYMENT_TARGET = 8.0;
				MTL_ENABLE_DEBUG_INFO = YES;
				ONLY_ACTIVE_ARCH = YES;
				SDKROOT = iphoneos;
			};
			name = Debug;
		};
		3EA97A0419EBE74600628D94 /* Release */ = {
			isa = XCBuildConfiguration;
			buildSettings = {
				ALWAYS_SEARCH_USER_PATHS = NO;
				CLANG_CXX_LANGUAGE_STANDARD = "gnu++0x";
				CLANG_CXX_LIBRARY = "libc++";
				CLANG_ENABLE_MODULES = YES;
				CLANG_ENABLE_OBJC_ARC = YES;
				CLANG_WARN_BOOL_CONVERSION = YES;
				CLANG_WARN_CONSTANT_CONVERSION = YES;
				CLANG_WARN_DIRECT_OBJC_ISA_USAGE = YES_ERROR;
				CLANG_WARN_EMPTY_BODY = YES;
				CLANG_WARN_ENUM_CONVERSION = YES;
				CLANG_WARN_INT_CONVERSION = YES;
				CLANG_WARN_OBJC_ROOT_CLASS = YES_ERROR;
				CLANG_WARN_UNREACHABLE_CODE = YES;
				CLANG_WARN__DUPLICATE_METHOD_MATCH = YES;
				"CODE_SIGN_IDENTITY[sdk=iphoneos*]" = "iPhone Developer";
				COPY_PHASE_STRIP = YES;
				ENABLE_NS_ASSERTIONS = NO;
				ENABLE_STRICT_OBJC_MSGSEND = YES;
				GCC_C_LANGUAGE_STANDARD = gnu99;
				GCC_WARN_64_TO_32_BIT_CONVERSION = YES;
				GCC_WARN_ABOUT_RETURN_TYPE = YES_ERROR;
				GCC_WARN_UNDECLARED_SELECTOR = YES;
				GCC_WARN_UNINITIALIZED_AUTOS = YES_AGGRESSIVE;
				GCC_WARN_UNUSED_FUNCTION = YES;
				GCC_WARN_UNUSED_VARIABLE = YES;
				IPHONEOS_DEPLOYMENT_TARGET = 8.0;
				MTL_ENABLE_DEBUG_INFO = NO;
				SDKROOT = iphoneos;
				VALIDATE_PRODUCT = YES;
			};
			name = Release;
		};
		3EA97A0619EBE74600628D94 /* Debug */ = {
			isa = XCBuildConfiguration;
			buildSettings = {
				ASSETCATALOG_COMPILER_APPICON_NAME = AppIcon;
				INFOPLIST_FILE = "Beers/Supporting Files/Info.plist";
				LD_RUNPATH_SEARCH_PATHS = "$(inherited) @executable_path/Frameworks";
				PRODUCT_NAME = "$(TARGET_NAME)";
			};
			name = Debug;
		};
		3EA97A0719EBE74600628D94 /* Release */ = {
			isa = XCBuildConfiguration;
			buildSettings = {
				ASSETCATALOG_COMPILER_APPICON_NAME = AppIcon;
				INFOPLIST_FILE = "Beers/Supporting Files/Info.plist";
				LD_RUNPATH_SEARCH_PATHS = "$(inherited) @executable_path/Frameworks";
				PRODUCT_NAME = "$(TARGET_NAME)";
			};
			name = Release;
		};
		3EA97A0919EBE74600628D94 /* Debug */ = {
			isa = XCBuildConfiguration;
			buildSettings = {
				BUNDLE_LOADER = "$(TEST_HOST)";
				FRAMEWORK_SEARCH_PATHS = (
					"$(SDKROOT)/Developer/Library/Frameworks",
					"$(inherited)",
				);
				GCC_PREPROCESSOR_DEFINITIONS = (
					"DEBUG=1",
					"$(inherited)",
				);
				INFOPLIST_FILE = "BeersTests/Supporting Files/Info.plist";
				LD_RUNPATH_SEARCH_PATHS = "$(inherited) @executable_path/Frameworks @loader_path/Frameworks";
				PRODUCT_NAME = "$(TARGET_NAME)";
				TEST_HOST = "$(BUILT_PRODUCTS_DIR)/Beers.app/Beers";
			};
			name = Debug;
		};
		3EA97A0A19EBE74600628D94 /* Release */ = {
			isa = XCBuildConfiguration;
			buildSettings = {
				BUNDLE_LOADER = "$(TEST_HOST)";
				FRAMEWORK_SEARCH_PATHS = (
					"$(SDKROOT)/Developer/Library/Frameworks",
					"$(inherited)",
				);
				INFOPLIST_FILE = "BeersTests/Supporting Files/Info.plist";
				LD_RUNPATH_SEARCH_PATHS = "$(inherited) @executable_path/Frameworks @loader_path/Frameworks";
				PRODUCT_NAME = "$(TARGET_NAME)";
				TEST_HOST = "$(BUILT_PRODUCTS_DIR)/Beers.app/Beers";
			};
			name = Release;
		};
/* End XCBuildConfiguration section */

/* Begin XCConfigurationList section */
		3EA979DD19EBE74500628D94 /* Build configuration list for PBXProject "Beers" */ = {
			isa = XCConfigurationList;
			buildConfigurations = (
				3EA97A0319EBE74600628D94 /* Debug */,
				3EA97A0419EBE74600628D94 /* Release */,
			);
			defaultConfigurationIsVisible = 0;
			defaultConfigurationName = Release;
		};
		3EA97A0519EBE74600628D94 /* Build configuration list for PBXNativeTarget "Beers" */ = {
			isa = XCConfigurationList;
			buildConfigurations = (
				3EA97A0619EBE74600628D94 /* Debug */,
				3EA97A0719EBE74600628D94 /* Release */,
			);
			defaultConfigurationIsVisible = 0;
			defaultConfigurationName = Release;
		};
		3EA97A0819EBE74600628D94 /* Build configuration list for PBXNativeTarget "BeersTests" */ = {
			isa = XCConfigurationList;
			buildConfigurations = (
				3EA97A0919EBE74600628D94 /* Debug */,
				3EA97A0A19EBE74600628D94 /* Release */,
			);
			defaultConfigurationIsVisible = 0;
			defaultConfigurationName = Release;
		};
/* End XCConfigurationList section */
	};
	rootObject = 3EA979DA19EBE74500628D94 /* Project object */;
}
